
Microsoft Visual Studio Solution File, Format Version 12.00
# Visual Studio 15
VisualStudioVersion = 15.0.26403.7
MinimumVisualStudioVersion = 10.0.40219.1
Project("{FAE04EC0-301F-11D3-BF4B-00C04F79EFBC}") = "Our.Umbraco.LocalizedEditorModels", "Our.Umbraco.LocalizedEditorModels\Our.Umbraco.LocalizedEditorModels.csproj", "{154B3A05-5EE2-465F-91C9-989933C41392}"
EndProject
Project("{FAE04EC0-301F-11D3-BF4B-00C04F79EFBC}") = "Our.Umbraco.LocalizedEditorModels.Tests", "Our.Umbraco.LocalizedEditorModels.Tests\Our.Umbraco.LocalizedEditorModels.Tests.csproj", "{8EDF4429-251A-416D-BB68-93F227191BCF}"
EndProject
Global
	GlobalSection(SolutionConfigurationPlatforms) = preSolution
		Debug|Any CPU = Debug|Any CPU
		Release|Any CPU = Release|Any CPU
	EndGlobalSection
	GlobalSection(ProjectConfigurationPlatforms) = postSolution
		{154B3A05-5EE2-465F-91C9-989933C41392}.Debug|Any CPU.ActiveCfg = Debug|Any CPU
		{154B3A05-5EE2-465F-91C9-989933C41392}.Debug|Any CPU.Build.0 = Debug|Any CPU
		{154B3A05-5EE2-465F-91C9-989933C41392}.Release|Any CPU.ActiveCfg = Release|Any CPU
		{154B3A05-5EE2-465F-91C9-989933C41392}.Release|Any CPU.Build.0 = Release|Any CPU
		{8EDF4429-251A-416D-BB68-93F227191BCF}.Debug|Any CPU.ActiveCfg = Debug|Any CPU
		{8EDF4429-251A-416D-BB68-93F227191BCF}.Debug|Any CPU.Build.0 = Debug|Any CPU
		{8EDF4429-251A-416D-BB68-93F227191BCF}.Release|Any CPU.ActiveCfg = Release|Any CPU
		{8EDF4429-251A-416D-BB68-93F227191BCF}.Release|Any CPU.Build.0 = Release|Any CPU
	EndGlobalSection
	GlobalSection(SolutionProperties) = preSolution
		HideSolutionNode = FALSE
	EndGlobalSection
EndGlobal
